// !$*UTF8*$!
{
	archiveVersion = 1;
	classes = {
	};
	objectVersion = 56;
	objects = {

/* Begin PBXBuildFile section */
		F14C19552B1A451400B40A50 /* main.swift in Sources */ = {isa = PBXBuildFile; fileRef = F14C19542B1A451400B40A50 /* main.swift */; };
		F14C19682B1A462A00B40A50 /* aoc_2023_Framework.framework in Frameworks */ = {isa = PBXBuildFile; fileRef = F14C19602B1A462A00B40A50 /* aoc_2023_Framework.framework */; };
		F14C196D2B1A462A00B40A50 /* aoc_2023_FrameworkTests.swift in Sources */ = {isa = PBXBuildFile; fileRef = F14C196C2B1A462A00B40A50 /* aoc_2023_FrameworkTests.swift */; };
		F14C196E2B1A462A00B40A50 /* aoc_2023_Framework.h in Headers */ = {isa = PBXBuildFile; fileRef = F14C19622B1A462A00B40A50 /* aoc_2023_Framework.h */; settings = {ATTRIBUTES = (Public, ); }; };
		F181ADD32B1C6CDF00A51497 /* day1.swift in Sources */ = {isa = PBXBuildFile; fileRef = F181ADD22B1C6CDF00A51497 /* day1.swift */; };
		F181ADD42B1C6CDF00A51497 /* day1.swift in Sources */ = {isa = PBXBuildFile; fileRef = F181ADD22B1C6CDF00A51497 /* day1.swift */; };
		F181ADD52B1C6CDF00A51497 /* day1.swift in Sources */ = {isa = PBXBuildFile; fileRef = F181ADD22B1C6CDF00A51497 /* day1.swift */; };
/* End PBXBuildFile section */

/* Begin PBXContainerItemProxy section */
		F14C19692B1A462A00B40A50 /* PBXContainerItemProxy */ = {
			isa = PBXContainerItemProxy;
			containerPortal = F14C19492B1A451400B40A50 /* Project object */;
			proxyType = 1;
			remoteGlobalIDString = F14C195F2B1A462A00B40A50;
			remoteInfo = aoc_2023_Framework;
		};
		F14C19782B1A48DD00B40A50 /* PBXContainerItemProxy */ = {
			isa = PBXContainerItemProxy;
			containerPortal = F14C19492B1A451400B40A50 /* Project object */;
			proxyType = 1;
			remoteGlobalIDString = F14C195F2B1A462A00B40A50;
			remoteInfo = aoc_2023_Framework;
		};
/* End PBXContainerItemProxy section */

/* Begin PBXCopyFilesBuildPhase section */
		F14C194F2B1A451400B40A50 /* CopyFiles */ = {
			isa = PBXCopyFilesBuildPhase;
			buildActionMask = 2147483647;
			dstPath = /usr/share/man/man1/;
			dstSubfolderSpec = 0;
			files = (
			);
			runOnlyForDeploymentPostprocessing = 1;
		};
/* End PBXCopyFilesBuildPhase section */

/* Begin PBXFileReference section */
		F14C19512B1A451400B40A50 /* aoc-2023 */ = {isa = PBXFileReference; explicitFileType = "compiled.mach-o.executable"; includeInIndex = 0; path = "aoc-2023"; sourceTree = BUILT_PRODUCTS_DIR; };
		F14C19542B1A451400B40A50 /* main.swift */ = {isa = PBXFileReference; lastKnownFileType = sourcecode.swift; path = main.swift; sourceTree = "<group>"; };
		F14C19602B1A462A00B40A50 /* aoc_2023_Framework.framework */ = {isa = PBXFileReference; explicitFileType = wrapper.framework; includeInIndex = 0; path = aoc_2023_Framework.framework; sourceTree = BUILT_PRODUCTS_DIR; };
		F14C19622B1A462A00B40A50 /* aoc_2023_Framework.h */ = {isa = PBXFileReference; lastKnownFileType = sourcecode.c.h; path = aoc_2023_Framework.h; sourceTree = "<group>"; };
		F14C19672B1A462A00B40A50 /* aoc_2023_FrameworkTests.xctest */ = {isa = PBXFileReference; explicitFileType = wrapper.cfbundle; includeInIndex = 0; path = aoc_2023_FrameworkTests.xctest; sourceTree = BUILT_PRODUCTS_DIR; };
		F14C196C2B1A462A00B40A50 /* aoc_2023_FrameworkTests.swift */ = {isa = PBXFileReference; lastKnownFileType = sourcecode.swift; path = aoc_2023_FrameworkTests.swift; sourceTree = "<group>"; };
		F181ADD22B1C6CDF00A51497 /* day1.swift */ = {isa = PBXFileReference; lastKnownFileType = sourcecode.swift; path = day1.swift; sourceTree = "<group>"; };
/* End PBXFileReference section */

/* Begin PBXFrameworksBuildPhase section */
		F14C194E2B1A451400B40A50 /* Frameworks */ = {
			isa = PBXFrameworksBuildPhase;
			buildActionMask = 2147483647;
			files = (
			);
			runOnlyForDeploymentPostprocessing = 0;
		};
		F14C195D2B1A462A00B40A50 /* Frameworks */ = {
			isa = PBXFrameworksBuildPhase;
			buildActionMask = 2147483647;
			files = (
			);
			runOnlyForDeploymentPostprocessing = 0;
		};
		F14C19642B1A462A00B40A50 /* Frameworks */ = {
			isa = PBXFrameworksBuildPhase;
			buildActionMask = 2147483647;
			files = (
				F14C19682B1A462A00B40A50 /* aoc_2023_Framework.framework in Frameworks */,
			);
			runOnlyForDeploymentPostprocessing = 0;
		};
/* End PBXFrameworksBuildPhase section */

/* Begin PBXGroup section */
		F14C19482B1A451400B40A50 = {
			isa = PBXGroup;
			children = (
				F14C19532B1A451400B40A50 /* aoc-2023 */,
				F14C19612B1A462A00B40A50 /* aoc_2023_Framework */,
				F14C196B2B1A462A00B40A50 /* aoc_2023_FrameworkTests */,
				F14C19522B1A451400B40A50 /* Products */,
			);
			sourceTree = "<group>";
		};
		F14C19522B1A451400B40A50 /* Products */ = {
			isa = PBXGroup;
			children = (
				F14C19512B1A451400B40A50 /* aoc-2023 */,
				F14C19602B1A462A00B40A50 /* aoc_2023_Framework.framework */,
				F14C19672B1A462A00B40A50 /* aoc_2023_FrameworkTests.xctest */,
			);
			name = Products;
			sourceTree = "<group>";
		};
		F14C19532B1A451400B40A50 /* aoc-2023 */ = {
			isa = PBXGroup;
			children = (
				F14C19542B1A451400B40A50 /* main.swift */,
			);
			path = "aoc-2023";
			sourceTree = "<group>";
		};
		F14C19612B1A462A00B40A50 /* aoc_2023_Framework */ = {
			isa = PBXGroup;
			children = (
				F14C19622B1A462A00B40A50 /* aoc_2023_Framework.h */,
				F181ADD22B1C6CDF00A51497 /* day1.swift */,
			);
			path = aoc_2023_Framework;
			sourceTree = "<group>";
		};
		F14C196B2B1A462A00B40A50 /* aoc_2023_FrameworkTests */ = {
			isa = PBXGroup;
			children = (
				F14C196C2B1A462A00B40A50 /* aoc_2023_FrameworkTests.swift */,
			);
			path = aoc_2023_FrameworkTests;
			sourceTree = "<group>";
		};
/* End PBXGroup section */

/* Begin PBXHeadersBuildPhase section */
		F14C195B2B1A462A00B40A50 /* Headers */ = {
			isa = PBXHeadersBuildPhase;
			buildActionMask = 2147483647;
			files = (
				F14C196E2B1A462A00B40A50 /* aoc_2023_Framework.h in Headers */,
			);
			runOnlyForDeploymentPostprocessing = 0;
		};
/* End PBXHeadersBuildPhase section */

/* Begin PBXNativeTarget section */
		F14C19502B1A451400B40A50 /* aoc-2023 */ = {
			isa = PBXNativeTarget;
			buildConfigurationList = F14C19582B1A451400B40A50 /* Build configuration list for PBXNativeTarget "aoc-2023" */;
			buildPhases = (
				F14C194D2B1A451400B40A50 /* Sources */,
				F14C194E2B1A451400B40A50 /* Frameworks */,
				F14C194F2B1A451400B40A50 /* CopyFiles */,
			);
			buildRules = (
			);
			dependencies = (
				F14C19792B1A48DD00B40A50 /* PBXTargetDependency */,
			);
			name = "aoc-2023";
			productName = "aoc-2023";
			productReference = F14C19512B1A451400B40A50 /* aoc-2023 */;
			productType = "com.apple.product-type.tool";
		};
		F14C195F2B1A462A00B40A50 /* aoc_2023_Framework */ = {
			isa = PBXNativeTarget;
			buildConfigurationList = F14C196F2B1A462A00B40A50 /* Build configuration list for PBXNativeTarget "aoc_2023_Framework" */;
			buildPhases = (
				F14C195B2B1A462A00B40A50 /* Headers */,
				F14C195C2B1A462A00B40A50 /* Sources */,
				F14C195D2B1A462A00B40A50 /* Frameworks */,
				F14C195E2B1A462A00B40A50 /* Resources */,
			);
			buildRules = (
			);
			dependencies = (
			);
			name = aoc_2023_Framework;
			productName = aoc_2023_Framework;
			productReference = F14C19602B1A462A00B40A50 /* aoc_2023_Framework.framework */;
			productType = "com.apple.product-type.framework";
		};
		F14C19662B1A462A00B40A50 /* aoc_2023_FrameworkTests */ = {
			isa = PBXNativeTarget;
			buildConfigurationList = F14C19722B1A462A00B40A50 /* Build configuration list for PBXNativeTarget "aoc_2023_FrameworkTests" */;
			buildPhases = (
				F14C19632B1A462A00B40A50 /* Sources */,
				F14C19642B1A462A00B40A50 /* Frameworks */,
				F14C19652B1A462A00B40A50 /* Resources */,
			);
			buildRules = (
			);
			dependencies = (
				F14C196A2B1A462A00B40A50 /* PBXTargetDependency */,
			);
			name = aoc_2023_FrameworkTests;
			productName = aoc_2023_FrameworkTests;
			productReference = F14C19672B1A462A00B40A50 /* aoc_2023_FrameworkTests.xctest */;
			productType = "com.apple.product-type.bundle.unit-test";
		};
/* End PBXNativeTarget section */

/* Begin PBXProject section */
		F14C19492B1A451400B40A50 /* Project object */ = {
			isa = PBXProject;
			attributes = {
				BuildIndependentTargetsInParallel = 1;
				LastSwiftUpdateCheck = 1500;
				LastUpgradeCheck = 1500;
				TargetAttributes = {
					F14C19502B1A451400B40A50 = {
						CreatedOnToolsVersion = 15.0.1;
					};
					F14C195F2B1A462A00B40A50 = {
						CreatedOnToolsVersion = 15.0.1;
						LastSwiftMigration = 1500;
					};
					F14C19662B1A462A00B40A50 = {
						CreatedOnToolsVersion = 15.0.1;
					};
				};
			};
			buildConfigurationList = F14C194C2B1A451400B40A50 /* Build configuration list for PBXProject "aoc-2023" */;
			compatibilityVersion = "Xcode 14.0";
			developmentRegion = en;
			hasScannedForEncodings = 0;
			knownRegions = (
				en,
				Base,
			);
			mainGroup = F14C19482B1A451400B40A50;
			productRefGroup = F14C19522B1A451400B40A50 /* Products */;
			projectDirPath = "";
			projectRoot = "";
			targets = (
				F14C19502B1A451400B40A50 /* aoc-2023 */,
				F14C195F2B1A462A00B40A50 /* aoc_2023_Framework */,
				F14C19662B1A462A00B40A50 /* aoc_2023_FrameworkTests */,
			);
		};
/* End PBXProject section */

/* Begin PBXResourcesBuildPhase section */
		F14C195E2B1A462A00B40A50 /* Resources */ = {
			isa = PBXResourcesBuildPhase;
			buildActionMask = 2147483647;
			files = (
			);
			runOnlyForDeploymentPostprocessing = 0;
		};
		F14C19652B1A462A00B40A50 /* Resources */ = {
			isa = PBXResourcesBuildPhase;
			buildActionMask = 2147483647;
			files = (
			);
			runOnlyForDeploymentPostprocessing = 0;
		};
/* End PBXResourcesBuildPhase section */

/* Begin PBXSourcesBuildPhase section */
		F14C194D2B1A451400B40A50 /* Sources */ = {
			isa = PBXSourcesBuildPhase;
			buildActionMask = 2147483647;
			files = (
				F181ADD32B1C6CDF00A51497 /* day1.swift in Sources */,
				F14C19552B1A451400B40A50 /* main.swift in Sources */,
			);
			runOnlyForDeploymentPostprocessing = 0;
		};
		F14C195C2B1A462A00B40A50 /* Sources */ = {
			isa = PBXSourcesBuildPhase;
			buildActionMask = 2147483647;
			files = (
				F181ADD42B1C6CDF00A51497 /* day1.swift in Sources */,
			);
			runOnlyForDeploymentPostprocessing = 0;
		};
		F14C19632B1A462A00B40A50 /* Sources */ = {
			isa = PBXSourcesBuildPhase;
			buildActionMask = 2147483647;
			files = (
				F14C196D2B1A462A00B40A50 /* aoc_2023_FrameworkTests.swift in Sources */,
				F181ADD52B1C6CDF00A51497 /* day1.swift in Sources */,
			);
			runOnlyForDeploymentPostprocessing = 0;
		};
/* End PBXSourcesBuildPhase section */

/* Begin PBXTargetDependency section */
		F14C196A2B1A462A00B40A50 /* PBXTargetDependency */ = {
			isa = PBXTargetDependency;
			target = F14C195F2B1A462A00B40A50 /* aoc_2023_Framework */;
			targetProxy = F14C19692B1A462A00B40A50 /* PBXContainerItemProxy */;
		};
		F14C19792B1A48DD00B40A50 /* PBXTargetDependency */ = {
			isa = PBXTargetDependency;
			target = F14C195F2B1A462A00B40A50 /* aoc_2023_Framework */;
			targetProxy = F14C19782B1A48DD00B40A50 /* PBXContainerItemProxy */;
		};
/* End PBXTargetDependency section */

/* Begin XCBuildConfiguration section */
		F14C19562B1A451400B40A50 /* Debug */ = {
			isa = XCBuildConfiguration;
			buildSettings = {
				ALWAYS_SEARCH_USER_PATHS = NO;
				ASSETCATALOG_COMPILER_GENERATE_SWIFT_ASSET_SYMBOL_EXTENSIONS = YES;
				CLANG_ANALYZER_NONNULL = YES;
				CLANG_ANALYZER_NUMBER_OBJECT_CONVERSION = YES_AGGRESSIVE;
				CLANG_CXX_LANGUAGE_STANDARD = "gnu++20";
				CLANG_ENABLE_MODULES = YES;
				CLANG_ENABLE_OBJC_ARC = YES;
				CLANG_ENABLE_OBJC_WEAK = YES;
				CLANG_WARN_BLOCK_CAPTURE_AUTORELEASING = YES;
				CLANG_WARN_BOOL_CONVERSION = YES;
				CLANG_WARN_COMMA = YES;
				CLANG_WARN_CONSTANT_CONVERSION = YES;
				CLANG_WARN_DEPRECATED_OBJC_IMPLEMENTATIONS = YES;
				CLANG_WARN_DIRECT_OBJC_ISA_USAGE = YES_ERROR;
				CLANG_WARN_DOCUMENTATION_COMMENTS = YES;
				CLANG_WARN_EMPTY_BODY = YES;
				CLANG_WARN_ENUM_CONVERSION = YES;
				CLANG_WARN_INFINITE_RECURSION = YES;
				CLANG_WARN_INT_CONVERSION = YES;
				CLANG_WARN_NON_LITERAL_NULL_CONVERSION = YES;
				CLANG_WARN_OBJC_IMPLICIT_RETAIN_SELF = YES;
				CLANG_WARN_OBJC_LITERAL_CONVERSION = YES;
				CLANG_WARN_OBJC_ROOT_CLASS = YES_ERROR;
				CLANG_WARN_QUOTED_INCLUDE_IN_FRAMEWORK_HEADER = YES;
				CLANG_WARN_RANGE_LOOP_ANALYSIS = YES;
				CLANG_WARN_STRICT_PROTOTYPES = YES;
				CLANG_WARN_SUSPICIOUS_MOVE = YES;
				CLANG_WARN_UNGUARDED_AVAILABILITY = YES_AGGRESSIVE;
				CLANG_WARN_UNREACHABLE_CODE = YES;
				CLANG_WARN__DUPLICATE_METHOD_MATCH = YES;
				COPY_PHASE_STRIP = NO;
				DEBUG_INFORMATION_FORMAT = dwarf;
				ENABLE_STRICT_OBJC_MSGSEND = YES;
				ENABLE_TESTABILITY = YES;
				ENABLE_USER_SCRIPT_SANDBOXING = YES;
				GCC_C_LANGUAGE_STANDARD = gnu17;
				GCC_DYNAMIC_NO_PIC = NO;
				GCC_NO_COMMON_BLOCKS = YES;
				GCC_OPTIMIZATION_LEVEL = 0;
				GCC_PREPROCESSOR_DEFINITIONS = (
					"DEBUG=1",
					"$(inherited)",
				);
				GCC_WARN_64_TO_32_BIT_CONVERSION = YES;
				GCC_WARN_ABOUT_RETURN_TYPE = YES_ERROR;
				GCC_WARN_UNDECLARED_SELECTOR = YES;
				GCC_WARN_UNINITIALIZED_AUTOS = YES_AGGRESSIVE;
				GCC_WARN_UNUSED_FUNCTION = YES;
				GCC_WARN_UNUSED_VARIABLE = YES;
				LOCALIZATION_PREFERS_STRING_CATALOGS = YES;
				MACOSX_DEPLOYMENT_TARGET = 14.0;
				MTL_ENABLE_DEBUG_INFO = INCLUDE_SOURCE;
				MTL_FAST_MATH = YES;
				ONLY_ACTIVE_ARCH = YES;
				SDKROOT = macosx;
				SWIFT_ACTIVE_COMPILATION_CONDITIONS = "DEBUG $(inherited)";
				SWIFT_OPTIMIZATION_LEVEL = "-Onone";
			};
			name = Debug;
		};
		F14C19572B1A451400B40A50 /* Release */ = {
			isa = XCBuildConfiguration;
			buildSettings = {
				ALWAYS_SEARCH_USER_PATHS = NO;
				ASSETCATALOG_COMPILER_GENERATE_SWIFT_ASSET_SYMBOL_EXTENSIONS = YES;
				CLANG_ANALYZER_NONNULL = YES;
				CLANG_ANALYZER_NUMBER_OBJECT_CONVERSION = YES_AGGRESSIVE;
				CLANG_CXX_LANGUAGE_STANDARD = "gnu++20";
				CLANG_ENABLE_MODULES = YES;
				CLANG_ENABLE_OBJC_ARC = YES;
				CLANG_ENABLE_OBJC_WEAK = YES;
				CLANG_WARN_BLOCK_CAPTURE_AUTORELEASING = YES;
				CLANG_WARN_BOOL_CONVERSION = YES;
				CLANG_WARN_COMMA = YES;
				CLANG_WARN_CONSTANT_CONVERSION = YES;
				CLANG_WARN_DEPRECATED_OBJC_IMPLEMENTATIONS = YES;
				CLANG_WARN_DIRECT_OBJC_ISA_USAGE = YES_ERROR;
				CLANG_WARN_DOCUMENTATION_COMMENTS = YES;
				CLANG_WARN_EMPTY_BODY = YES;
				CLANG_WARN_ENUM_CONVERSION = YES;
				CLANG_WARN_INFINITE_RECURSION = YES;
				CLANG_WARN_INT_CONVERSION = YES;
				CLANG_WARN_NON_LITERAL_NULL_CONVERSION = YES;
				CLANG_WARN_OBJC_IMPLICIT_RETAIN_SELF = YES;
				CLANG_WARN_OBJC_LITERAL_CONVERSION = YES;
				CLANG_WARN_OBJC_ROOT_CLASS = YES_ERROR;
				CLANG_WARN_QUOTED_INCLUDE_IN_FRAMEWORK_HEADER = YES;
				CLANG_WARN_RANGE_LOOP_ANALYSIS = YES;
				CLANG_WARN_STRICT_PROTOTYPES = YES;
				CLANG_WARN_SUSPICIOUS_MOVE = YES;
				CLANG_WARN_UNGUARDED_AVAILABILITY = YES_AGGRESSIVE;
				CLANG_WARN_UNREACHABLE_CODE = YES;
				CLANG_WARN__DUPLICATE_METHOD_MATCH = YES;
				COPY_PHASE_STRIP = NO;
				DEBUG_INFORMATION_FORMAT = "dwarf-with-dsym";
				ENABLE_NS_ASSERTIONS = NO;
				ENABLE_STRICT_OBJC_MSGSEND = YES;
				ENABLE_USER_SCRIPT_SANDBOXING = YES;
				GCC_C_LANGUAGE_STANDARD = gnu17;
				GCC_NO_COMMON_BLOCKS = YES;
				GCC_WARN_64_TO_32_BIT_CONVERSION = YES;
				GCC_WARN_ABOUT_RETURN_TYPE = YES_ERROR;
				GCC_WARN_UNDECLARED_SELECTOR = YES;
				GCC_WARN_UNINITIALIZED_AUTOS = YES_AGGRESSIVE;
				GCC_WARN_UNUSED_FUNCTION = YES;
				GCC_WARN_UNUSED_VARIABLE = YES;
				LOCALIZATION_PREFERS_STRING_CATALOGS = YES;
				MACOSX_DEPLOYMENT_TARGET = 14.0;
				MTL_ENABLE_DEBUG_INFO = NO;
				MTL_FAST_MATH = YES;
				SDKROOT = macosx;
				SWIFT_COMPILATION_MODE = wholemodule;
			};
			name = Release;
		};
		F14C19592B1A451400B40A50 /* Debug */ = {
			isa = XCBuildConfiguration;
			buildSettings = {
				CODE_SIGN_STYLE = Automatic;
				PRODUCT_NAME = "$(TARGET_NAME)";
				SWIFT_VERSION = 5.0;
			};
			name = Debug;
		};
		F14C195A2B1A451400B40A50 /* Release */ = {
			isa = XCBuildConfiguration;
			buildSettings = {
				CODE_SIGN_STYLE = Automatic;
				PRODUCT_NAME = "$(TARGET_NAME)";
				SWIFT_VERSION = 5.0;
			};
			name = Release;
		};
		F14C19702B1A462A00B40A50 /* Debug */ = {
			isa = XCBuildConfiguration;
			buildSettings = {
				CLANG_ENABLE_MODULES = YES;
				CODE_SIGN_STYLE = Automatic;
				COMBINE_HIDPI_IMAGES = YES;
				CURRENT_PROJECT_VERSION = 1;
				DEFINES_MODULE = YES;
				DYLIB_COMPATIBILITY_VERSION = 1;
				DYLIB_CURRENT_VERSION = 1;
				DYLIB_INSTALL_NAME_BASE = "@rpath";
				ENABLE_MODULE_VERIFIER = YES;
				GENERATE_INFOPLIST_FILE = YES;
				INFOPLIST_KEY_NSHumanReadableCopyright = "";
				INSTALL_PATH = "$(LOCAL_LIBRARY_DIR)/Frameworks";
				LD_RUNPATH_SEARCH_PATHS = (
					"$(inherited)",
					"@executable_path/../Frameworks",
					"@loader_path/Frameworks",
				);
				MARKETING_VERSION = 1.0;
				MODULE_VERIFIER_SUPPORTED_LANGUAGES = "objective-c objective-c++";
				MODULE_VERIFIER_SUPPORTED_LANGUAGE_STANDARDS = "gnu17 gnu++20";
				PRODUCT_BUNDLE_IDENTIFIER = "org.dev7.macos.aoc-2023-Framework";
				PRODUCT_NAME = "$(TARGET_NAME:c99extidentifier)";
				SKIP_INSTALL = YES;
				SWIFT_EMIT_LOC_STRINGS = YES;
				SWIFT_OPTIMIZATION_LEVEL = "-Onone";
				SWIFT_VERSION = 5.0;
				VERSIONING_SYSTEM = "apple-generic";
				VERSION_INFO_PREFIX = "";
			};
			name = Debug;
		};
		F14C19712B1A462A00B40A50 /* Release */ = {
			isa = XCBuildConfiguration;
			buildSettings = {
				CLANG_ENABLE_MODULES = YES;
				CODE_SIGN_STYLE = Automatic;
				COMBINE_HIDPI_IMAGES = YES;
				CURRENT_PROJECT_VERSION = 1;
				DEFINES_MODULE = YES;
				DYLIB_COMPATIBILITY_VERSION = 1;
				DYLIB_CURRENT_VERSION = 1;
				DYLIB_INSTALL_NAME_BASE = "@rpath";
				ENABLE_MODULE_VERIFIER = YES;
				GENERATE_INFOPLIST_FILE = YES;
				INFOPLIST_KEY_NSHumanReadableCopyright = "";
				INSTALL_PATH = "$(LOCAL_LIBRARY_DIR)/Frameworks";
				LD_RUNPATH_SEARCH_PATHS = (
					"$(inherited)",
					"@executable_path/../Frameworks",
					"@loader_path/Frameworks",
				);
				MARKETING_VERSION = 1.0;
				MODULE_VERIFIER_SUPPORTED_LANGUAGES = "objective-c objective-c++";
				MODULE_VERIFIER_SUPPORTED_LANGUAGE_STANDARDS = "gnu17 gnu++20";
				PRODUCT_BUNDLE_IDENTIFIER = "org.dev7.macos.aoc-2023-Framework";
				PRODUCT_NAME = "$(TARGET_NAME:c99extidentifier)";
				SKIP_INSTALL = YES;
				SWIFT_EMIT_LOC_STRINGS = YES;
				SWIFT_VERSION = 5.0;
				VERSIONING_SYSTEM = "apple-generic";
				VERSION_INFO_PREFIX = "";
			};
			name = Release;
		};
		F14C19732B1A462A00B40A50 /* Debug */ = {
			isa = XCBuildConfiguration;
			buildSettings = {
				ALWAYS_EMBED_SWIFT_STANDARD_LIBRARIES = YES;
				CODE_SIGN_STYLE = Automatic;
				CURRENT_PROJECT_VERSION = 1;
				GENERATE_INFOPLIST_FILE = YES;
				MARKETING_VERSION = 1.0;
				PRODUCT_BUNDLE_IDENTIFIER = "org.dev7.macos.aoc-2023-FrameworkTests";
				PRODUCT_NAME = "$(TARGET_NAME)";
				SWIFT_EMIT_LOC_STRINGS = NO;
				SWIFT_VERSION = 5.0;
			};
			name = Debug;
		};
		F14C19742B1A462A00B40A50 /* Release */ = {
			isa = XCBuildConfiguration;
			buildSettings = {
				ALWAYS_EMBED_SWIFT_STANDARD_LIBRARIES = YES;
				CODE_SIGN_STYLE = Automatic;
				CURRENT_PROJECT_VERSION = 1;
				GENERATE_INFOPLIST_FILE = YES;
				MARKETING_VERSION = 1.0;
				PRODUCT_BUNDLE_IDENTIFIER = "org.dev7.macos.aoc-2023-FrameworkTests";
				PRODUCT_NAME = "$(TARGET_NAME)";
				SWIFT_EMIT_LOC_STRINGS = NO;
				SWIFT_VERSION = 5.0;
			};
			name = Release;
		};
/* End XCBuildConfiguration section */

/* Begin XCConfigurationList section */
		F14C194C2B1A451400B40A50 /* Build configuration list for PBXProject "aoc-2023" */ = {
			isa = XCConfigurationList;
			buildConfigurations = (
				F14C19562B1A451400B40A50 /* Debug */,
				F14C19572B1A451400B40A50 /* Release */,
			);
			defaultConfigurationIsVisible = 0;
			defaultConfigurationName = Release;
		};
		F14C19582B1A451400B40A50 /* Build configuration list for PBXNativeTarget "aoc-2023" */ = {
			isa = XCConfigurationList;
			buildConfigurations = (
				F14C19592B1A451400B40A50 /* Debug */,
				F14C195A2B1A451400B40A50 /* Release */,
			);
			defaultConfigurationIsVisible = 0;
			defaultConfigurationName = Release;
		};
		F14C196F2B1A462A00B40A50 /* Build configuration list for PBXNativeTarget "aoc_2023_Framework" */ = {
			isa = XCConfigurationList;
			buildConfigurations = (
				F14C19702B1A462A00B40A50 /* Debug */,
				F14C19712B1A462A00B40A50 /* Release */,
			);
			defaultConfigurationIsVisible = 0;
			defaultConfigurationName = Release;
		};
		F14C19722B1A462A00B40A50 /* Build configuration list for PBXNativeTarget "aoc_2023_FrameworkTests" */ = {
			isa = XCConfigurationList;
			buildConfigurations = (
				F14C19732B1A462A00B40A50 /* Debug */,
				F14C19742B1A462A00B40A50 /* Release */,
			);
			defaultConfigurationIsVisible = 0;
			defaultConfigurationName = Release;
		};
/* End XCConfigurationList section */
	};
	rootObject = F14C19492B1A451400B40A50 /* Project object */;
}
